// !$*UTF8*$!
{
	archiveVersion = 1;
	classes = {
	};
	objectVersion = 55;
	objects = {

/* Begin PBXBuildFile section */
		57EE0FAD29A07AF700734D7E /* TestingSampleApp.swift in Sources */ = {isa = PBXBuildFile; fileRef = 57EE0FAC29A07AF700734D7E /* TestingSampleApp.swift */; };
		57EE0FAF29A07AF700734D7E /* ContentView.swift in Sources */ = {isa = PBXBuildFile; fileRef = 57EE0FAE29A07AF700734D7E /* ContentView.swift */; };
		57EE0FB129A07AF800734D7E /* Assets.xcassets in Resources */ = {isa = PBXBuildFile; fileRef = 57EE0FB029A07AF800734D7E /* Assets.xcassets */; };
		57EE0FB429A07AF800734D7E /* Preview Assets.xcassets in Resources */ = {isa = PBXBuildFile; fileRef = 57EE0FB329A07AF800734D7E /* Preview Assets.xcassets */; };
		57EE0FBB29A07B1300734D7E /* Recipe.swift in Sources */ = {isa = PBXBuildFile; fileRef = 57EE0FBA29A07B1300734D7E /* Recipe.swift */; };
		57EE0FC329A07B7800734D7E /* TestingSampleTests.swift in Sources */ = {isa = PBXBuildFile; fileRef = 57EE0FC229A07B7800734D7E /* TestingSampleTests.swift */; };
		57EE0FCA29A0A5DF00734D7E /* Checkout.swift in Sources */ = {isa = PBXBuildFile; fileRef = 57EE0FC929A0A5DF00734D7E /* Checkout.swift */; };
/* End PBXBuildFile section */

/* Begin PBXContainerItemProxy section */
		57EE0FC429A07B7800734D7E /* PBXContainerItemProxy */ = {
			isa = PBXContainerItemProxy;
			containerPortal = 57EE0FA129A07AF700734D7E /* Project object */;
			proxyType = 1;
			remoteGlobalIDString = 57EE0FA829A07AF700734D7E;
			remoteInfo = TestingSample;
		};
/* End PBXContainerItemProxy section */

/* Begin PBXFileReference section */
		57EE0FA929A07AF700734D7E /* TestingSample.app */ = {isa = PBXFileReference; explicitFileType = wrapper.application; includeInIndex = 0; path = TestingSample.app; sourceTree = BUILT_PRODUCTS_DIR; };
		57EE0FAC29A07AF700734D7E /* TestingSampleApp.swift */ = {isa = PBXFileReference; lastKnownFileType = sourcecode.swift; path = TestingSampleApp.swift; sourceTree = "<group>"; };
		57EE0FAE29A07AF700734D7E /* ContentView.swift */ = {isa = PBXFileReference; lastKnownFileType = sourcecode.swift; path = ContentView.swift; sourceTree = "<group>"; };
		57EE0FB029A07AF800734D7E /* Assets.xcassets */ = {isa = PBXFileReference; lastKnownFileType = folder.assetcatalog; path = Assets.xcassets; sourceTree = "<group>"; };
		57EE0FB329A07AF800734D7E /* Preview Assets.xcassets */ = {isa = PBXFileReference; lastKnownFileType = folder.assetcatalog; path = "Preview Assets.xcassets"; sourceTree = "<group>"; };
		57EE0FBA29A07B1300734D7E /* Recipe.swift */ = {isa = PBXFileReference; lastKnownFileType = sourcecode.swift; path = Recipe.swift; sourceTree = "<group>"; };
		57EE0FC029A07B7800734D7E /* TestingSampleTests.xctest */ = {isa = PBXFileReference; explicitFileType = wrapper.cfbundle; includeInIndex = 0; path = TestingSampleTests.xctest; sourceTree = BUILT_PRODUCTS_DIR; };
		57EE0FC229A07B7800734D7E /* TestingSampleTests.swift */ = {isa = PBXFileReference; lastKnownFileType = sourcecode.swift; path = TestingSampleTests.swift; sourceTree = "<group>"; };
		57EE0FC929A0A5DF00734D7E /* Checkout.swift */ = {isa = PBXFileReference; lastKnownFileType = sourcecode.swift; path = Checkout.swift; sourceTree = "<group>"; };
/* End PBXFileReference section */

/* Begin PBXFrameworksBuildPhase section */
		57EE0FA629A07AF700734D7E /* Frameworks */ = {
			isa = PBXFrameworksBuildPhase;
			buildActionMask = 2147483647;
			files = (
			);
			runOnlyForDeploymentPostprocessing = 0;
		};
		57EE0FBD29A07B7800734D7E /* Frameworks */ = {
			isa = PBXFrameworksBuildPhase;
			buildActionMask = 2147483647;
			files = (
			);
			runOnlyForDeploymentPostprocessing = 0;
		};
/* End PBXFrameworksBuildPhase section */

/* Begin PBXGroup section */
		57EE0FA029A07AF700734D7E = {
			isa = PBXGroup;
			children = (
				57EE0FAB29A07AF700734D7E /* TestingSample */,
				57EE0FC129A07B7800734D7E /* TestingSampleTests */,
				57EE0FAA29A07AF700734D7E /* Products */,
			);
			sourceTree = "<group>";
		};
		57EE0FAA29A07AF700734D7E /* Products */ = {
			isa = PBXGroup;
			children = (
				57EE0FA929A07AF700734D7E /* TestingSample.app */,
				57EE0FC029A07B7800734D7E /* TestingSampleTests.xctest */,
			);
			name = Products;
			sourceTree = "<group>";
		};
		57EE0FAB29A07AF700734D7E /* TestingSample */ = {
			isa = PBXGroup;
			children = (
				57EE0FC929A0A5DF00734D7E /* Checkout.swift */,
				57EE0FAC29A07AF700734D7E /* TestingSampleApp.swift */,
				57EE0FAE29A07AF700734D7E /* ContentView.swift */,
				57EE0FBA29A07B1300734D7E /* Recipe.swift */,
				57EE0FB029A07AF800734D7E /* Assets.xcassets */,
				57EE0FB229A07AF800734D7E /* Preview Content */,
			);
			path = TestingSample;
			sourceTree = "<group>";
		};
		57EE0FB229A07AF800734D7E /* Preview Content */ = {
			isa = PBXGroup;
			children = (
				57EE0FB329A07AF800734D7E /* Preview Assets.xcassets */,
			);
			path = "Preview Content";
			sourceTree = "<group>";
		};
		57EE0FC129A07B7800734D7E /* TestingSampleTests */ = {
			isa = PBXGroup;
			children = (
				57EE0FC229A07B7800734D7E /* TestingSampleTests.swift */,
			);
			path = TestingSampleTests;
			sourceTree = "<group>";
		};
/* End PBXGroup section */

/* Begin PBXNativeTarget section */
		57EE0FA829A07AF700734D7E /* TestingSample */ = {
			isa = PBXNativeTarget;
			buildConfigurationList = 57EE0FB729A07AF800734D7E /* Build configuration list for PBXNativeTarget "TestingSample" */;
			buildPhases = (
				57EE0FA529A07AF700734D7E /* Sources */,
				57EE0FA629A07AF700734D7E /* Frameworks */,
				57EE0FA729A07AF700734D7E /* Resources */,
			);
			buildRules = (
			);
			dependencies = (
			);
			name = TestingSample;
			productName = TestingSample;
			productReference = 57EE0FA929A07AF700734D7E /* TestingSample.app */;
			productType = "com.apple.product-type.application";
		};
		57EE0FBF29A07B7800734D7E /* TestingSampleTests */ = {
			isa = PBXNativeTarget;
			buildConfigurationList = 57EE0FC629A07B7800734D7E /* Build configuration list for PBXNativeTarget "TestingSampleTests" */;
			buildPhases = (
				57EE0FBC29A07B7800734D7E /* Sources */,
				57EE0FBD29A07B7800734D7E /* Frameworks */,
				57EE0FBE29A07B7800734D7E /* Resources */,
			);
			buildRules = (
			);
			dependencies = (
				57EE0FC529A07B7800734D7E /* PBXTargetDependency */,
			);
			name = TestingSampleTests;
			productName = TestingSampleTests;
			productReference = 57EE0FC029A07B7800734D7E /* TestingSampleTests.xctest */;
			productType = "com.apple.product-type.bundle.unit-test";
		};
/* End PBXNativeTarget section */

/* Begin PBXProject section */
		57EE0FA129A07AF700734D7E /* Project object */ = {
			isa = PBXProject;
			attributes = {
				BuildIndependentTargetsInParallel = 1;
				LastSwiftUpdateCheck = 1340;
				LastUpgradeCheck = 1340;
				TargetAttributes = {
					57EE0FA829A07AF700734D7E = {
						CreatedOnToolsVersion = 13.4.1;
					};
					57EE0FBF29A07B7800734D7E = {
						CreatedOnToolsVersion = 13.4.1;
						TestTargetID = 57EE0FA829A07AF700734D7E;
					};
				};
			};
			buildConfigurationList = 57EE0FA429A07AF700734D7E /* Build configuration list for PBXProject "TestingSample" */;
			compatibilityVersion = "Xcode 13.0";
			developmentRegion = en;
			hasScannedForEncodings = 0;
			knownRegions = (
				en,
				Base,
			);
			mainGroup = 57EE0FA029A07AF700734D7E;
			productRefGroup = 57EE0FAA29A07AF700734D7E /* Products */;
			projectDirPath = "";
			projectRoot = "";
			targets = (
				57EE0FA829A07AF700734D7E /* TestingSample */,
				57EE0FBF29A07B7800734D7E /* TestingSampleTests */,
			);
		};
/* End PBXProject section */

/* Begin PBXResourcesBuildPhase section */
		57EE0FA729A07AF700734D7E /* Resources */ = {
			isa = PBXResourcesBuildPhase;
			buildActionMask = 2147483647;
			files = (
				57EE0FB429A07AF800734D7E /* Preview Assets.xcassets in Resources */,
				57EE0FB129A07AF800734D7E /* Assets.xcassets in Resources */,
			);
			runOnlyForDeploymentPostprocessing = 0;
		};
		57EE0FBE29A07B7800734D7E /* Resources */ = {
			isa = PBXResourcesBuildPhase;
			buildActionMask = 2147483647;
			files = (
			);
			runOnlyForDeploymentPostprocessing = 0;
		};
/* End PBXResourcesBuildPhase section */

/* Begin PBXSourcesBuildPhase section */
		57EE0FA529A07AF700734D7E /* Sources */ = {
			isa = PBXSourcesBuildPhase;
			buildActionMask = 2147483647;
			files = (
				57EE0FBB29A07B1300734D7E /* Recipe.swift in Sources */,
				57EE0FAF29A07AF700734D7E /* ContentView.swift in Sources */,
				57EE0FAD29A07AF700734D7E /* TestingSampleApp.swift in Sources */,
				57EE0FCA29A0A5DF00734D7E /* Checkout.swift in Sources */,
			);
			runOnlyForDeploymentPostprocessing = 0;
		};
		57EE0FBC29A07B7800734D7E /* Sources */ = {
			isa = PBXSourcesBuildPhase;
			buildActionMask = 2147483647;
			files = (
				57EE0FC329A07B7800734D7E /* TestingSampleTests.swift in Sources */,
			);
			runOnlyForDeploymentPostprocessing = 0;
		};
/* End PBXSourcesBuildPhase section */

/* Begin PBXTargetDependency section */
		57EE0FC529A07B7800734D7E /* PBXTargetDependency */ = {
			isa = PBXTargetDependency;
			target = 57EE0FA829A07AF700734D7E /* TestingSample */;
			targetProxy = 57EE0FC429A07B7800734D7E /* PBXContainerItemProxy */;
		};
/* End PBXTargetDependency section */

/* Begin XCBuildConfiguration section */
		57EE0FB529A07AF800734D7E /* Debug */ = {
			isa = XCBuildConfiguration;
			buildSettings = {
				ALWAYS_SEARCH_USER_PATHS = NO;
				CLANG_ANALYZER_NONNULL = YES;
				CLANG_ANALYZER_NUMBER_OBJECT_CONVERSION = YES_AGGRESSIVE;
				CLANG_CXX_LANGUAGE_STANDARD = "gnu++17";
				CLANG_ENABLE_MODULES = YES;
				CLANG_ENABLE_OBJC_ARC = YES;
				CLANG_ENABLE_OBJC_WEAK = YES;
				CLANG_WARN_BLOCK_CAPTURE_AUTORELEASING = YES;
				CLANG_WARN_BOOL_CONVERSION = YES;
				CLANG_WARN_COMMA = YES;
				CLANG_WARN_CONSTANT_CONVERSION = YES;
				CLANG_WARN_DEPRECATED_OBJC_IMPLEMENTATIONS = YES;
				CLANG_WARN_DIRECT_OBJC_ISA_USAGE = YES_ERROR;
				CLANG_WARN_DOCUMENTATION_COMMENTS = YES;
				CLANG_WARN_EMPTY_BODY = YES;
				CLANG_WARN_ENUM_CONVERSION = YES;
				CLANG_WARN_INFINITE_RECURSION = YES;
				CLANG_WARN_INT_CONVERSION = YES;
				CLANG_WARN_NON_LITERAL_NULL_CONVERSION = YES;
				CLANG_WARN_OBJC_IMPLICIT_RETAIN_SELF = YES;
				CLANG_WARN_OBJC_LITERAL_CONVERSION = YES;
				CLANG_WARN_OBJC_ROOT_CLASS = YES_ERROR;
				CLANG_WARN_QUOTED_INCLUDE_IN_FRAMEWORK_HEADER = YES;
				CLANG_WARN_RANGE_LOOP_ANALYSIS = YES;
				CLANG_WARN_STRICT_PROTOTYPES = YES;
				CLANG_WARN_SUSPICIOUS_MOVE = YES;
				CLANG_WARN_UNGUARDED_AVAILABILITY = YES_AGGRESSIVE;
				CLANG_WARN_UNREACHABLE_CODE = YES;
				CLANG_WARN__DUPLICATE_METHOD_MATCH = YES;
				COPY_PHASE_STRIP = NO;
				DEBUG_INFORMATION_FORMAT = dwarf;
				ENABLE_STRICT_OBJC_MSGSEND = YES;
				ENABLE_TESTABILITY = YES;
				GCC_C_LANGUAGE_STANDARD = gnu11;
				GCC_DYNAMIC_NO_PIC = NO;
				GCC_NO_COMMON_BLOCKS = YES;
				GCC_OPTIMIZATION_LEVEL = 0;
				GCC_PREPROCESSOR_DEFINITIONS = (
					"DEBUG=1",
					"$(inherited)",
				);
				GCC_WARN_64_TO_32_BIT_CONVERSION = YES;
				GCC_WARN_ABOUT_RETURN_TYPE = YES_ERROR;
				GCC_WARN_UNDECLARED_SELECTOR = YES;
				GCC_WARN_UNINITIALIZED_AUTOS = YES_AGGRESSIVE;
				GCC_WARN_UNUSED_FUNCTION = YES;
				GCC_WARN_UNUSED_VARIABLE = YES;
				IPHONEOS_DEPLOYMENT_TARGET = 15.5;
				MTL_ENABLE_DEBUG_INFO = INCLUDE_SOURCE;
				MTL_FAST_MATH = YES;
				ONLY_ACTIVE_ARCH = YES;
				SDKROOT = iphoneos;
				SWIFT_ACTIVE_COMPILATION_CONDITIONS = DEBUG;
				SWIFT_OPTIMIZATION_LEVEL = "-Onone";
			};
			name = Debug;
		};
		57EE0FB629A07AF800734D7E /* Release */ = {
			isa = XCBuildConfiguration;
			buildSettings = {
				ALWAYS_SEARCH_USER_PATHS = NO;
				CLANG_ANALYZER_NONNULL = YES;
				CLANG_ANALYZER_NUMBER_OBJECT_CONVERSION = YES_AGGRESSIVE;
				CLANG_CXX_LANGUAGE_STANDARD = "gnu++17";
				CLANG_ENABLE_MODULES = YES;
				CLANG_ENABLE_OBJC_ARC = YES;
				CLANG_ENABLE_OBJC_WEAK = YES;
				CLANG_WARN_BLOCK_CAPTURE_AUTORELEASING = YES;
				CLANG_WARN_BOOL_CONVERSION = YES;
				CLANG_WARN_COMMA = YES;
				CLANG_WARN_CONSTANT_CONVERSION = YES;
				CLANG_WARN_DEPRECATED_OBJC_IMPLEMENTATIONS = YES;
				CLANG_WARN_DIRECT_OBJC_ISA_USAGE = YES_ERROR;
				CLANG_WARN_DOCUMENTATION_COMMENTS = YES;
				CLANG_WARN_EMPTY_BODY = YES;
				CLANG_WARN_ENUM_CONVERSION = YES;
				CLANG_WARN_INFINITE_RECURSION = YES;
				CLANG_WARN_INT_CONVERSION = YES;
				CLANG_WARN_NON_LITERAL_NULL_CONVERSION = YES;
				CLANG_WARN_OBJC_IMPLICIT_RETAIN_SELF = YES;
				CLANG_WARN_OBJC_LITERAL_CONVERSION = YES;
				CLANG_WARN_OBJC_ROOT_CLASS = YES_ERROR;
				CLANG_WARN_QUOTED_INCLUDE_IN_FRAMEWORK_HEADER = YES;
				CLANG_WARN_RANGE_LOOP_ANALYSIS = YES;
				CLANG_WARN_STRICT_PROTOTYPES = YES;
				CLANG_WARN_SUSPICIOUS_MOVE = YES;
				CLANG_WARN_UNGUARDED_AVAILABILITY = YES_AGGRESSIVE;
				CLANG_WARN_UNREACHABLE_CODE = YES;
				CLANG_WARN__DUPLICATE_METHOD_MATCH = YES;
				COPY_PHASE_STRIP = NO;
				DEBUG_INFORMATION_FORMAT = "dwarf-with-dsym";
				ENABLE_NS_ASSERTIONS = NO;
				ENABLE_STRICT_OBJC_MSGSEND = YES;
				GCC_C_LANGUAGE_STANDARD = gnu11;
				GCC_NO_COMMON_BLOCKS = YES;
				GCC_WARN_64_TO_32_BIT_CONVERSION = YES;
				GCC_WARN_ABOUT_RETURN_TYPE = YES_ERROR;
				GCC_WARN_UNDECLARED_SELECTOR = YES;
				GCC_WARN_UNINITIALIZED_AUTOS = YES_AGGRESSIVE;
				GCC_WARN_UNUSED_FUNCTION = YES;
				GCC_WARN_UNUSED_VARIABLE = YES;
				IPHONEOS_DEPLOYMENT_TARGET = 15.5;
				MTL_ENABLE_DEBUG_INFO = NO;
				MTL_FAST_MATH = YES;
				SDKROOT = iphoneos;
				SWIFT_COMPILATION_MODE = wholemodule;
				SWIFT_OPTIMIZATION_LEVEL = "-O";
				VALIDATE_PRODUCT = YES;
			};
			name = Release;
		};
		57EE0FB829A07AF800734D7E /* Debug */ = {
			isa = XCBuildConfiguration;
			buildSettings = {
				ASSETCATALOG_COMPILER_APPICON_NAME = AppIcon;
				ASSETCATALOG_COMPILER_GLOBAL_ACCENT_COLOR_NAME = AccentColor;
				CODE_SIGN_STYLE = Automatic;
				CURRENT_PROJECT_VERSION = 1;
				DEVELOPMENT_ASSET_PATHS = "\"TestingSample/Preview Content\"";
				DEVELOPMENT_TEAM = DSBW4Q8259;
				ENABLE_PREVIEWS = YES;
				GENERATE_INFOPLIST_FILE = YES;
				INFOPLIST_KEY_UIApplicationSceneManifest_Generation = YES;
				INFOPLIST_KEY_UIApplicationSupportsIndirectInputEvents = YES;
				INFOPLIST_KEY_UILaunchScreen_Generation = YES;
				INFOPLIST_KEY_UISupportedInterfaceOrientations_iPad = "UIInterfaceOrientationPortrait UIInterfaceOrientationPortraitUpsideDown UIInterfaceOrientationLandscapeLeft UIInterfaceOrientationLandscapeRight";
				INFOPLIST_KEY_UISupportedInterfaceOrientations_iPhone = "UIInterfaceOrientationPortrait UIInterfaceOrientationLandscapeLeft UIInterfaceOrientationLandscapeRight";
				LD_RUNPATH_SEARCH_PATHS = (
					"$(inherited)",
					"@executable_path/Frameworks",
				);
				MARKETING_VERSION = 1.0;
				PRODUCT_BUNDLE_IDENTIFIER = littlelemon.TestingSample;
				PRODUCT_NAME = "$(TARGET_NAME)";
				SWIFT_EMIT_LOC_STRINGS = YES;
				SWIFT_VERSION = 5.0;
				TARGETED_DEVICE_FAMILY = "1,2";
			};
			name = Debug;
		};
		57EE0FB929A07AF800734D7E /* Release */ = {
			isa = XCBuildConfiguration;
			buildSettings = {
				ASSETCATALOG_COMPILER_APPICON_NAME = AppIcon;
				ASSETCATALOG_COMPILER_GLOBAL_ACCENT_COLOR_NAME = AccentColor;
				CODE_SIGN_STYLE = Automatic;
				CURRENT_PROJECT_VERSION = 1;
				DEVELOPMENT_ASSET_PATHS = "\"TestingSample/Preview Content\"";
				DEVELOPMENT_TEAM = DSBW4Q8259;
				ENABLE_PREVIEWS = YES;
				GENERATE_INFOPLIST_FILE = YES;
				INFOPLIST_KEY_UIApplicationSceneManifest_Generation = YES;
				INFOPLIST_KEY_UIApplicationSupportsIndirectInputEvents = YES;
				INFOPLIST_KEY_UILaunchScreen_Generation = YES;
				INFOPLIST_KEY_UISupportedInterfaceOrientations_iPad = "UIInterfaceOrientationPortrait UIInterfaceOrientationPortraitUpsideDown UIInterfaceOrientationLandscapeLeft UIInterfaceOrientationLandscapeRight";
				INFOPLIST_KEY_UISupportedInterfaceOrientations_iPhone = "UIInterfaceOrientationPortrait UIInterfaceOrientationLandscapeLeft UIInterfaceOrientationLandscapeRight";
				LD_RUNPATH_SEARCH_PATHS = (
					"$(inherited)",
					"@executable_path/Frameworks",
				);
				MARKETING_VERSION = 1.0;
				PRODUCT_BUNDLE_IDENTIFIER = littlelemon.TestingSample;
				PRODUCT_NAME = "$(TARGET_NAME)";
				SWIFT_EMIT_LOC_STRINGS = YES;
				SWIFT_VERSION = 5.0;
				TARGETED_DEVICE_FAMILY = "1,2";
			};
			name = Release;
		};
		57EE0FC729A07B7800734D7E /* Debug */ = {
			isa = XCBuildConfiguration;
			buildSettings = {
				BUNDLE_LOADER = "$(TEST_HOST)";
				CODE_SIGN_STYLE = Automatic;
				CURRENT_PROJECT_VERSION = 1;
				DEVELOPMENT_TEAM = DSBW4Q8259;
				GENERATE_INFOPLIST_FILE = YES;
				MARKETING_VERSION = 1.0;
				PRODUCT_BUNDLE_IDENTIFIER = littlelemon.TestingSampleTests;
				PRODUCT_NAME = "$(TARGET_NAME)";
				SWIFT_EMIT_LOC_STRINGS = NO;
				SWIFT_VERSION = 5.0;
				TARGETED_DEVICE_FAMILY = "1,2";
				TEST_HOST = "$(BUILT_PRODUCTS_DIR)/TestingSample.app/TestingSample";
			};
			name = Debug;
		};
		57EE0FC829A07B7800734D7E /* Release */ = {
			isa = XCBuildConfiguration;
			buildSettings = {
				BUNDLE_LOADER = "$(TEST_HOST)";
				CODE_SIGN_STYLE = Automatic;
				CURRENT_PROJECT_VERSION = 1;
				DEVELOPMENT_TEAM = DSBW4Q8259;
				GENERATE_INFOPLIST_FILE = YES;
				MARKETING_VERSION = 1.0;
				PRODUCT_BUNDLE_IDENTIFIER = littlelemon.TestingSampleTests;
				PRODUCT_NAME = "$(TARGET_NAME)";
				SWIFT_EMIT_LOC_STRINGS = NO;
				SWIFT_VERSION = 5.0;
				TARGETED_DEVICE_FAMILY = "1,2";
				TEST_HOST = "$(BUILT_PRODUCTS_DIR)/TestingSample.app/TestingSample";
			};
			name = Release;
		};
/* End XCBuildConfiguration section */

/* Begin XCConfigurationList section */
		57EE0FA429A07AF700734D7E /* Build configuration list for PBXProject "TestingSample" */ = {
			isa = XCConfigurationList;
			buildConfigurations = (
				57EE0FB529A07AF800734D7E /* Debug */,
				57EE0FB629A07AF800734D7E /* Release */,
			);
			defaultConfigurationIsVisible = 0;
			defaultConfigurationName = Release;
		};
		57EE0FB729A07AF800734D7E /* Build configuration list for PBXNativeTarget "TestingSample" */ = {
			isa = XCConfigurationList;
			buildConfigurations = (
				57EE0FB829A07AF800734D7E /* Debug */,
				57EE0FB929A07AF800734D7E /* Release */,
			);
			defaultConfigurationIsVisible = 0;
			defaultConfigurationName = Release;
		};
		57EE0FC629A07B7800734D7E /* Build configuration list for PBXNativeTarget "TestingSampleTests" */ = {
			isa = XCConfigurationList;
			buildConfigurations = (
				57EE0FC729A07B7800734D7E /* Debug */,
				57EE0FC829A07B7800734D7E /* Release */,
			);
			defaultConfigurationIsVisible = 0;
			defaultConfigurationName = Release;
		};
/* End XCConfigurationList section */
	};
	rootObject = 57EE0FA129A07AF700734D7E /* Project object */;
}
