// !$*UTF8*$!
{
	archiveVersion = 1;
	classes = {
	};
	objectVersion = 55;
	objects = {

/* Begin PBXBuildFile section */
		57EE0EB8299CF52600734D7E /* ReservationsAppApp.swift in Sources */ = {isa = PBXBuildFile; fileRef = 57EE0EB7299CF52600734D7E /* ReservationsAppApp.swift */; };
		57EE0EBA299CF52600734D7E /* ContentView.swift in Sources */ = {isa = PBXBuildFile; fileRef = 57EE0EB9299CF52600734D7E /* ContentView.swift */; };
		57EE0EBC299CF52800734D7E /* Assets.xcassets in Resources */ = {isa = PBXBuildFile; fileRef = 57EE0EBB299CF52800734D7E /* Assets.xcassets */; };
		57EE0EBF299CF52800734D7E /* Preview Assets.xcassets in Resources */ = {isa = PBXBuildFile; fileRef = 57EE0EBE299CF52800734D7E /* Preview Assets.xcassets */; };
		57EE0EC6299CF53900734D7E /* ReservationsForm.swift in Sources */ = {isa = PBXBuildFile; fileRef = 57EE0EC5299CF53900734D7E /* ReservationsForm.swift */; };
		57EE0EC8299DC8E900734D7E /* FrameView.swift in Sources */ = {isa = PBXBuildFile; fileRef = 57EE0EC7299DC8E900734D7E /* FrameView.swift */; };
		57EE0ECA299DD5F300734D7E /* StacksPractice.swift in Sources */ = {isa = PBXBuildFile; fileRef = 57EE0EC9299DD5F300734D7E /* StacksPractice.swift */; };
		57EE0ECC299DDC3000734D7E /* StepperView.swift in Sources */ = {isa = PBXBuildFile; fileRef = 57EE0ECB299DDC3000734D7E /* StepperView.swift */; };
		57EE0ECE299DE37400734D7E /* DatePickerView.swift in Sources */ = {isa = PBXBuildFile; fileRef = 57EE0ECD299DE37400734D7E /* DatePickerView.swift */; };
/* End PBXBuildFile section */

/* Begin PBXFileReference section */
		57EE0EB4299CF52600734D7E /* ReservationsApp.app */ = {isa = PBXFileReference; explicitFileType = wrapper.application; includeInIndex = 0; path = ReservationsApp.app; sourceTree = BUILT_PRODUCTS_DIR; };
		57EE0EB7299CF52600734D7E /* ReservationsAppApp.swift */ = {isa = PBXFileReference; lastKnownFileType = sourcecode.swift; path = ReservationsAppApp.swift; sourceTree = "<group>"; };
		57EE0EB9299CF52600734D7E /* ContentView.swift */ = {isa = PBXFileReference; lastKnownFileType = sourcecode.swift; path = ContentView.swift; sourceTree = "<group>"; };
		57EE0EBB299CF52800734D7E /* Assets.xcassets */ = {isa = PBXFileReference; lastKnownFileType = folder.assetcatalog; path = Assets.xcassets; sourceTree = "<group>"; };
		57EE0EBE299CF52800734D7E /* Preview Assets.xcassets */ = {isa = PBXFileReference; lastKnownFileType = folder.assetcatalog; path = "Preview Assets.xcassets"; sourceTree = "<group>"; };
		57EE0EC5299CF53900734D7E /* ReservationsForm.swift */ = {isa = PBXFileReference; lastKnownFileType = sourcecode.swift; path = ReservationsForm.swift; sourceTree = "<group>"; };
		57EE0EC7299DC8E900734D7E /* FrameView.swift */ = {isa = PBXFileReference; lastKnownFileType = sourcecode.swift; path = FrameView.swift; sourceTree = "<group>"; };
		57EE0EC9299DD5F300734D7E /* StacksPractice.swift */ = {isa = PBXFileReference; lastKnownFileType = sourcecode.swift; path = StacksPractice.swift; sourceTree = "<group>"; };
		57EE0ECB299DDC3000734D7E /* StepperView.swift */ = {isa = PBXFileReference; lastKnownFileType = sourcecode.swift; path = StepperView.swift; sourceTree = "<group>"; };
		57EE0ECD299DE37400734D7E /* DatePickerView.swift */ = {isa = PBXFileReference; lastKnownFileType = sourcecode.swift; path = DatePickerView.swift; sourceTree = "<group>"; };
/* End PBXFileReference section */

/* Begin PBXFrameworksBuildPhase section */
		57EE0EB1299CF52600734D7E /* Frameworks */ = {
			isa = PBXFrameworksBuildPhase;
			buildActionMask = 2147483647;
			files = (
			);
			runOnlyForDeploymentPostprocessing = 0;
		};
/* End PBXFrameworksBuildPhase section */

/* Begin PBXGroup section */
		57EE0EAB299CF52600734D7E = {
			isa = PBXGroup;
			children = (
				57EE0EC7299DC8E900734D7E /* FrameView.swift */,
				57EE0EC9299DD5F300734D7E /* StacksPractice.swift */,
				57EE0ECB299DDC3000734D7E /* StepperView.swift */,
				57EE0ECD299DE37400734D7E /* DatePickerView.swift */,
				57EE0EB6299CF52600734D7E /* ReservationsApp */,
				57EE0EB5299CF52600734D7E /* Products */,
			);
			sourceTree = "<group>";
		};
		57EE0EB5299CF52600734D7E /* Products */ = {
			isa = PBXGroup;
			children = (
				57EE0EB4299CF52600734D7E /* ReservationsApp.app */,
			);
			name = Products;
			sourceTree = "<group>";
		};
		57EE0EB6299CF52600734D7E /* ReservationsApp */ = {
			isa = PBXGroup;
			children = (
				57EE0EB7299CF52600734D7E /* ReservationsAppApp.swift */,
				57EE0EB9299CF52600734D7E /* ContentView.swift */,
				57EE0EC5299CF53900734D7E /* ReservationsForm.swift */,
				57EE0EBB299CF52800734D7E /* Assets.xcassets */,
				57EE0EBD299CF52800734D7E /* Preview Content */,
			);
			path = ReservationsApp;
			sourceTree = "<group>";
		};
		57EE0EBD299CF52800734D7E /* Preview Content */ = {
			isa = PBXGroup;
			children = (
				57EE0EBE299CF52800734D7E /* Preview Assets.xcassets */,
			);
			path = "Preview Content";
			sourceTree = "<group>";
		};
/* End PBXGroup section */

/* Begin PBXNativeTarget section */
		57EE0EB3299CF52600734D7E /* ReservationsApp */ = {
			isa = PBXNativeTarget;
			buildConfigurationList = 57EE0EC2299CF52800734D7E /* Build configuration list for PBXNativeTarget "ReservationsApp" */;
			buildPhases = (
				57EE0EB0299CF52600734D7E /* Sources */,
				57EE0EB1299CF52600734D7E /* Frameworks */,
				57EE0EB2299CF52600734D7E /* Resources */,
			);
			buildRules = (
			);
			dependencies = (
			);
			name = ReservationsApp;
			productName = ReservationsApp;
			productReference = 57EE0EB4299CF52600734D7E /* ReservationsApp.app */;
			productType = "com.apple.product-type.application";
		};
/* End PBXNativeTarget section */

/* Begin PBXProject section */
		57EE0EAC299CF52600734D7E /* Project object */ = {
			isa = PBXProject;
			attributes = {
				BuildIndependentTargetsInParallel = 1;
				LastSwiftUpdateCheck = 1340;
				LastUpgradeCheck = 1340;
				TargetAttributes = {
					57EE0EB3299CF52600734D7E = {
						CreatedOnToolsVersion = 13.4.1;
					};
				};
			};
			buildConfigurationList = 57EE0EAF299CF52600734D7E /* Build configuration list for PBXProject "ReservationsApp" */;
			compatibilityVersion = "Xcode 13.0";
			developmentRegion = en;
			hasScannedForEncodings = 0;
			knownRegions = (
				en,
				Base,
			);
			mainGroup = 57EE0EAB299CF52600734D7E;
			productRefGroup = 57EE0EB5299CF52600734D7E /* Products */;
			projectDirPath = "";
			projectRoot = "";
			targets = (
				57EE0EB3299CF52600734D7E /* ReservationsApp */,
			);
		};
/* End PBXProject section */

/* Begin PBXResourcesBuildPhase section */
		57EE0EB2299CF52600734D7E /* Resources */ = {
			isa = PBXResourcesBuildPhase;
			buildActionMask = 2147483647;
			files = (
				57EE0EBF299CF52800734D7E /* Preview Assets.xcassets in Resources */,
				57EE0EBC299CF52800734D7E /* Assets.xcassets in Resources */,
			);
			runOnlyForDeploymentPostprocessing = 0;
		};
/* End PBXResourcesBuildPhase section */

/* Begin PBXSourcesBuildPhase section */
		57EE0EB0299CF52600734D7E /* Sources */ = {
			isa = PBXSourcesBuildPhase;
			buildActionMask = 2147483647;
			files = (
				57EE0EC8299DC8E900734D7E /* FrameView.swift in Sources */,
				57EE0EC6299CF53900734D7E /* ReservationsForm.swift in Sources */,
				57EE0ECA299DD5F300734D7E /* StacksPractice.swift in Sources */,
				57EE0EBA299CF52600734D7E /* ContentView.swift in Sources */,
				57EE0ECE299DE37400734D7E /* DatePickerView.swift in Sources */,
				57EE0ECC299DDC3000734D7E /* StepperView.swift in Sources */,
				57EE0EB8299CF52600734D7E /* ReservationsAppApp.swift in Sources */,
			);
			runOnlyForDeploymentPostprocessing = 0;
		};
/* End PBXSourcesBuildPhase section */

/* Begin XCBuildConfiguration section */
		57EE0EC0299CF52800734D7E /* Debug */ = {
			isa = XCBuildConfiguration;
			buildSettings = {
				ALWAYS_SEARCH_USER_PATHS = NO;
				CLANG_ANALYZER_NONNULL = YES;
				CLANG_ANALYZER_NUMBER_OBJECT_CONVERSION = YES_AGGRESSIVE;
				CLANG_CXX_LANGUAGE_STANDARD = "gnu++17";
				CLANG_ENABLE_MODULES = YES;
				CLANG_ENABLE_OBJC_ARC = YES;
				CLANG_ENABLE_OBJC_WEAK = YES;
				CLANG_WARN_BLOCK_CAPTURE_AUTORELEASING = YES;
				CLANG_WARN_BOOL_CONVERSION = YES;
				CLANG_WARN_COMMA = YES;
				CLANG_WARN_CONSTANT_CONVERSION = YES;
				CLANG_WARN_DEPRECATED_OBJC_IMPLEMENTATIONS = YES;
				CLANG_WARN_DIRECT_OBJC_ISA_USAGE = YES_ERROR;
				CLANG_WARN_DOCUMENTATION_COMMENTS = YES;
				CLANG_WARN_EMPTY_BODY = YES;
				CLANG_WARN_ENUM_CONVERSION = YES;
				CLANG_WARN_INFINITE_RECURSION = YES;
				CLANG_WARN_INT_CONVERSION = YES;
				CLANG_WARN_NON_LITERAL_NULL_CONVERSION = YES;
				CLANG_WARN_OBJC_IMPLICIT_RETAIN_SELF = YES;
				CLANG_WARN_OBJC_LITERAL_CONVERSION = YES;
				CLANG_WARN_OBJC_ROOT_CLASS = YES_ERROR;
				CLANG_WARN_QUOTED_INCLUDE_IN_FRAMEWORK_HEADER = YES;
				CLANG_WARN_RANGE_LOOP_ANALYSIS = YES;
				CLANG_WARN_STRICT_PROTOTYPES = YES;
				CLANG_WARN_SUSPICIOUS_MOVE = YES;
				CLANG_WARN_UNGUARDED_AVAILABILITY = YES_AGGRESSIVE;
				CLANG_WARN_UNREACHABLE_CODE = YES;
				CLANG_WARN__DUPLICATE_METHOD_MATCH = YES;
				COPY_PHASE_STRIP = NO;
				DEBUG_INFORMATION_FORMAT = dwarf;
				ENABLE_STRICT_OBJC_MSGSEND = YES;
				ENABLE_TESTABILITY = YES;
				GCC_C_LANGUAGE_STANDARD = gnu11;
				GCC_DYNAMIC_NO_PIC = NO;
				GCC_NO_COMMON_BLOCKS = YES;
				GCC_OPTIMIZATION_LEVEL = 0;
				GCC_PREPROCESSOR_DEFINITIONS = (
					"DEBUG=1",
					"$(inherited)",
				);
				GCC_WARN_64_TO_32_BIT_CONVERSION = YES;
				GCC_WARN_ABOUT_RETURN_TYPE = YES_ERROR;
				GCC_WARN_UNDECLARED_SELECTOR = YES;
				GCC_WARN_UNINITIALIZED_AUTOS = YES_AGGRESSIVE;
				GCC_WARN_UNUSED_FUNCTION = YES;
				GCC_WARN_UNUSED_VARIABLE = YES;
				IPHONEOS_DEPLOYMENT_TARGET = 15.5;
				MTL_ENABLE_DEBUG_INFO = INCLUDE_SOURCE;
				MTL_FAST_MATH = YES;
				ONLY_ACTIVE_ARCH = YES;
				SDKROOT = iphoneos;
				SWIFT_ACTIVE_COMPILATION_CONDITIONS = DEBUG;
				SWIFT_OPTIMIZATION_LEVEL = "-Onone";
			};
			name = Debug;
		};
		57EE0EC1299CF52800734D7E /* Release */ = {
			isa = XCBuildConfiguration;
			buildSettings = {
				ALWAYS_SEARCH_USER_PATHS = NO;
				CLANG_ANALYZER_NONNULL = YES;
				CLANG_ANALYZER_NUMBER_OBJECT_CONVERSION = YES_AGGRESSIVE;
				CLANG_CXX_LANGUAGE_STANDARD = "gnu++17";
				CLANG_ENABLE_MODULES = YES;
				CLANG_ENABLE_OBJC_ARC = YES;
				CLANG_ENABLE_OBJC_WEAK = YES;
				CLANG_WARN_BLOCK_CAPTURE_AUTORELEASING = YES;
				CLANG_WARN_BOOL_CONVERSION = YES;
				CLANG_WARN_COMMA = YES;
				CLANG_WARN_CONSTANT_CONVERSION = YES;
				CLANG_WARN_DEPRECATED_OBJC_IMPLEMENTATIONS = YES;
				CLANG_WARN_DIRECT_OBJC_ISA_USAGE = YES_ERROR;
				CLANG_WARN_DOCUMENTATION_COMMENTS = YES;
				CLANG_WARN_EMPTY_BODY = YES;
				CLANG_WARN_ENUM_CONVERSION = YES;
				CLANG_WARN_INFINITE_RECURSION = YES;
				CLANG_WARN_INT_CONVERSION = YES;
				CLANG_WARN_NON_LITERAL_NULL_CONVERSION = YES;
				CLANG_WARN_OBJC_IMPLICIT_RETAIN_SELF = YES;
				CLANG_WARN_OBJC_LITERAL_CONVERSION = YES;
				CLANG_WARN_OBJC_ROOT_CLASS = YES_ERROR;
				CLANG_WARN_QUOTED_INCLUDE_IN_FRAMEWORK_HEADER = YES;
				CLANG_WARN_RANGE_LOOP_ANALYSIS = YES;
				CLANG_WARN_STRICT_PROTOTYPES = YES;
				CLANG_WARN_SUSPICIOUS_MOVE = YES;
				CLANG_WARN_UNGUARDED_AVAILABILITY = YES_AGGRESSIVE;
				CLANG_WARN_UNREACHABLE_CODE = YES;
				CLANG_WARN__DUPLICATE_METHOD_MATCH = YES;
				COPY_PHASE_STRIP = NO;
				DEBUG_INFORMATION_FORMAT = "dwarf-with-dsym";
				ENABLE_NS_ASSERTIONS = NO;
				ENABLE_STRICT_OBJC_MSGSEND = YES;
				GCC_C_LANGUAGE_STANDARD = gnu11;
				GCC_NO_COMMON_BLOCKS = YES;
				GCC_WARN_64_TO_32_BIT_CONVERSION = YES;
				GCC_WARN_ABOUT_RETURN_TYPE = YES_ERROR;
				GCC_WARN_UNDECLARED_SELECTOR = YES;
				GCC_WARN_UNINITIALIZED_AUTOS = YES_AGGRESSIVE;
				GCC_WARN_UNUSED_FUNCTION = YES;
				GCC_WARN_UNUSED_VARIABLE = YES;
				IPHONEOS_DEPLOYMENT_TARGET = 15.5;
				MTL_ENABLE_DEBUG_INFO = NO;
				MTL_FAST_MATH = YES;
				SDKROOT = iphoneos;
				SWIFT_COMPILATION_MODE = wholemodule;
				SWIFT_OPTIMIZATION_LEVEL = "-O";
				VALIDATE_PRODUCT = YES;
			};
			name = Release;
		};
		57EE0EC3299CF52800734D7E /* Debug */ = {
			isa = XCBuildConfiguration;
			buildSettings = {
				ASSETCATALOG_COMPILER_APPICON_NAME = AppIcon;
				ASSETCATALOG_COMPILER_GLOBAL_ACCENT_COLOR_NAME = AccentColor;
				CODE_SIGN_STYLE = Automatic;
				CURRENT_PROJECT_VERSION = 1;
				DEVELOPMENT_ASSET_PATHS = "\"ReservationsApp/Preview Content\"";
				DEVELOPMENT_TEAM = DSBW4Q8259;
				ENABLE_PREVIEWS = YES;
				GENERATE_INFOPLIST_FILE = YES;
				INFOPLIST_KEY_UIApplicationSceneManifest_Generation = YES;
				INFOPLIST_KEY_UIApplicationSupportsIndirectInputEvents = YES;
				INFOPLIST_KEY_UILaunchScreen_Generation = YES;
				INFOPLIST_KEY_UISupportedInterfaceOrientations_iPad = "UIInterfaceOrientationPortrait UIInterfaceOrientationPortraitUpsideDown UIInterfaceOrientationLandscapeLeft UIInterfaceOrientationLandscapeRight";
				INFOPLIST_KEY_UISupportedInterfaceOrientations_iPhone = "UIInterfaceOrientationPortrait UIInterfaceOrientationLandscapeLeft UIInterfaceOrientationLandscapeRight";
				LD_RUNPATH_SEARCH_PATHS = (
					"$(inherited)",
					"@executable_path/Frameworks",
				);
				MARKETING_VERSION = 1.0;
				PRODUCT_BUNDLE_IDENTIFIER = littlelemon.ReservationsApp;
				PRODUCT_NAME = "$(TARGET_NAME)";
				SWIFT_EMIT_LOC_STRINGS = YES;
				SWIFT_VERSION = 5.0;
				TARGETED_DEVICE_FAMILY = "1,2";
			};
			name = Debug;
		};
		57EE0EC4299CF52800734D7E /* Release */ = {
			isa = XCBuildConfiguration;
			buildSettings = {
				ASSETCATALOG_COMPILER_APPICON_NAME = AppIcon;
				ASSETCATALOG_COMPILER_GLOBAL_ACCENT_COLOR_NAME = AccentColor;
				CODE_SIGN_STYLE = Automatic;
				CURRENT_PROJECT_VERSION = 1;
				DEVELOPMENT_ASSET_PATHS = "\"ReservationsApp/Preview Content\"";
				DEVELOPMENT_TEAM = DSBW4Q8259;
				ENABLE_PREVIEWS = YES;
				GENERATE_INFOPLIST_FILE = YES;
				INFOPLIST_KEY_UIApplicationSceneManifest_Generation = YES;
				INFOPLIST_KEY_UIApplicationSupportsIndirectInputEvents = YES;
				INFOPLIST_KEY_UILaunchScreen_Generation = YES;
				INFOPLIST_KEY_UISupportedInterfaceOrientations_iPad = "UIInterfaceOrientationPortrait UIInterfaceOrientationPortraitUpsideDown UIInterfaceOrientationLandscapeLeft UIInterfaceOrientationLandscapeRight";
				INFOPLIST_KEY_UISupportedInterfaceOrientations_iPhone = "UIInterfaceOrientationPortrait UIInterfaceOrientationLandscapeLeft UIInterfaceOrientationLandscapeRight";
				LD_RUNPATH_SEARCH_PATHS = (
					"$(inherited)",
					"@executable_path/Frameworks",
				);
				MARKETING_VERSION = 1.0;
				PRODUCT_BUNDLE_IDENTIFIER = littlelemon.ReservationsApp;
				PRODUCT_NAME = "$(TARGET_NAME)";
				SWIFT_EMIT_LOC_STRINGS = YES;
				SWIFT_VERSION = 5.0;
				TARGETED_DEVICE_FAMILY = "1,2";
			};
			name = Release;
		};
/* End XCBuildConfiguration section */

/* Begin XCConfigurationList section */
		57EE0EAF299CF52600734D7E /* Build configuration list for PBXProject "ReservationsApp" */ = {
			isa = XCConfigurationList;
			buildConfigurations = (
				57EE0EC0299CF52800734D7E /* Debug */,
				57EE0EC1299CF52800734D7E /* Release */,
			);
			defaultConfigurationIsVisible = 0;
			defaultConfigurationName = Release;
		};
		57EE0EC2299CF52800734D7E /* Build configuration list for PBXNativeTarget "ReservationsApp" */ = {
			isa = XCConfigurationList;
			buildConfigurations = (
				57EE0EC3299CF52800734D7E /* Debug */,
				57EE0EC4299CF52800734D7E /* Release */,
			);
			defaultConfigurationIsVisible = 0;
			defaultConfigurationName = Release;
		};
/* End XCConfigurationList section */
	};
	rootObject = 57EE0EAC299CF52600734D7E /* Project object */;
}
